
Microsoft Visual Studio Solution File, Format Version 12.00
# Visual Studio Version 17
VisualStudioVersion = 17.14.36301.6
MinimumVisualStudioVersion = 10.0.40219.1
Project("{FAE04EC0-301F-11D3-BF4B-00C04F79EFBC}") = "LojaDeBrinquedos.API", "LojaDeBrinquedos.API.csproj", "{717E2719-3D3B-409F-898C-896B468D707F}"
EndProject
Project("{FAE04EC0-301F-11D3-BF4B-00C04F79EFBC}") = "LojaDeBrinquedos.Infrastructure", "LojaDeBrinquedos.Infrastructure\LojaDeBrinquedos.Infrastructure.csproj", "{979191BE-E4E4-464C-A4B1-A56F414DC91E}"
EndProject
Global
	GlobalSection(SolutionConfigurationPlatforms) = preSolution
		Debug|Any CPU = Debug|Any CPU
		Debug|x64 = Debug|x64
		Debug|x86 = Debug|x86
		Release|Any CPU = Release|Any CPU
		Release|x64 = Release|x64
		Release|x86 = Release|x86
	EndGlobalSection
	GlobalSection(ProjectConfigurationPlatforms) = postSolution
		{717E2719-3D3B-409F-898C-896B468D707F}.Debug|Any CPU.ActiveCfg = Debug|Any CPU
		{717E2719-3D3B-409F-898C-896B468D707F}.Debug|Any CPU.Build.0 = Debug|Any CPU
		{717E2719-3D3B-409F-898C-896B468D707F}.Debug|x64.ActiveCfg = Debug|Any CPU
		{717E2719-3D3B-409F-898C-896B468D707F}.Debug|x64.Build.0 = Debug|Any CPU
		{717E2719-3D3B-409F-898C-896B468D707F}.Debug|x86.ActiveCfg = Debug|Any CPU
		{717E2719-3D3B-409F-898C-896B468D707F}.Debug|x86.Build.0 = Debug|Any CPU
		{717E2719-3D3B-409F-898C-896B468D707F}.Release|Any CPU.ActiveCfg = Release|Any CPU
		{717E2719-3D3B-409F-898C-896B468D707F}.Release|Any CPU.Build.0 = Release|Any CPU
		{717E2719-3D3B-409F-898C-896B468D707F}.Release|x64.ActiveCfg = Release|Any CPU
		{717E2719-3D3B-409F-898C-896B468D707F}.Release|x64.Build.0 = Release|Any CPU
		{717E2719-3D3B-409F-898C-896B468D707F}.Release|x86.ActiveCfg = Release|Any CPU
		{717E2719-3D3B-409F-898C-896B468D707F}.Release|x86.Build.0 = Release|Any CPU
		{979191BE-E4E4-464C-A4B1-A56F414DC91E}.Debug|Any CPU.ActiveCfg = Debug|Any CPU
		{979191BE-E4E4-464C-A4B1-A56F414DC91E}.Debug|Any CPU.Build.0 = Debug|Any CPU
		{979191BE-E4E4-464C-A4B1-A56F414DC91E}.Debug|x64.ActiveCfg = Debug|Any CPU
		{979191BE-E4E4-464C-A4B1-A56F414DC91E}.Debug|x64.Build.0 = Debug|Any CPU
		{979191BE-E4E4-464C-A4B1-A56F414DC91E}.Debug|x86.ActiveCfg = Debug|Any CPU
		{979191BE-E4E4-464C-A4B1-A56F414DC91E}.Debug|x86.Build.0 = Debug|Any CPU
		{979191BE-E4E4-464C-A4B1-A56F414DC91E}.Release|Any CPU.ActiveCfg = Release|Any CPU
		{979191BE-E4E4-464C-A4B1-A56F414DC91E}.Release|Any CPU.Build.0 = Release|Any CPU
		{979191BE-E4E4-464C-A4B1-A56F414DC91E}.Release|x64.ActiveCfg = Release|Any CPU
		{979191BE-E4E4-464C-A4B1-A56F414DC91E}.Release|x64.Build.0 = Release|Any CPU
		{979191BE-E4E4-464C-A4B1-A56F414DC91E}.Release|x86.ActiveCfg = Release|Any CPU
		{979191BE-E4E4-464C-A4B1-A56F414DC91E}.Release|x86.Build.0 = Release|Any CPU
	EndGlobalSection
	GlobalSection(SolutionProperties) = preSolution
		HideSolutionNode = FALSE
	EndGlobalSection
	GlobalSection(ExtensibilityGlobals) = postSolution
		SolutionGuid = {9EDAFFFD-CB9A-4176-92C8-2660924D2D40}
	EndGlobalSection
EndGlobal
